
Microsoft Visual Studio Solution File, Format Version 12.00
# Visual Studio 15
VisualStudioVersion = 15.0.28307.572
MinimumVisualStudioVersion = 10.0.40219.1
Project("{9A19103F-16F7-4668-BE54-9A1E7A4F7556}") = "Simple.Admin.UI", "Simple.Admin.UI\Simple.Admin.UI.csproj", "{6CBA0A65-209E-4BEC-9D2B-6728E7266A58}"
EndProject
Project("{9A19103F-16F7-4668-BE54-9A1E7A4F7556}") = "Simple.Api", "Simple.Api\Simple.Api.csproj", "{71128162-B195-42D5-8D62-18F8BFBDF944}"
EndProject
Project("{FAE04EC0-301F-11D3-BF4B-00C04F79EFBC}") = "Simple.Web", "Simple.Web\Simple.Web.csproj", "{A6C307A9-5694-45E9-AB04-25F9451D89F5}"
EndProject
Global
	GlobalSection(SolutionConfigurationPlatforms) = preSolution
		Debug|Any CPU = Debug|Any CPU
		Release|Any CPU = Release|Any CPU
	EndGlobalSection
	GlobalSection(ProjectConfigurationPlatforms) = postSolution
		{6CBA0A65-209E-4BEC-9D2B-6728E7266A58}.Debug|Any CPU.ActiveCfg = Debug|Any CPU
		{6CBA0A65-209E-4BEC-9D2B-6728E7266A58}.Debug|Any CPU.Build.0 = Debug|Any CPU
		{6CBA0A65-209E-4BEC-9D2B-6728E7266A58}.Release|Any CPU.ActiveCfg = Release|Any CPU
		{6CBA0A65-209E-4BEC-9D2B-6728E7266A58}.Release|Any CPU.Build.0 = Release|Any CPU
		{71128162-B195-42D5-8D62-18F8BFBDF944}.Debug|Any CPU.ActiveCfg = Debug|Any CPU
		{71128162-B195-42D5-8D62-18F8BFBDF944}.Debug|Any CPU.Build.0 = Debug|Any CPU
		{71128162-B195-42D5-8D62-18F8BFBDF944}.Release|Any CPU.ActiveCfg = Release|Any CPU
		{71128162-B195-42D5-8D62-18F8BFBDF944}.Release|Any CPU.Build.0 = Release|Any CPU
		{A6C307A9-5694-45E9-AB04-25F9451D89F5}.Debug|Any CPU.ActiveCfg = Debug|Any CPU
		{A6C307A9-5694-45E9-AB04-25F9451D89F5}.Debug|Any CPU.Build.0 = Debug|Any CPU
		{A6C307A9-5694-45E9-AB04-25F9451D89F5}.Release|Any CPU.ActiveCfg = Release|Any CPU
		{A6C307A9-5694-45E9-AB04-25F9451D89F5}.Release|Any CPU.Build.0 = Release|Any CPU
	EndGlobalSection
	GlobalSection(SolutionProperties) = preSolution
		HideSolutionNode = FALSE
	EndGlobalSection
	GlobalSection(ExtensibilityGlobals) = postSolution
		SolutionGuid = {CC7AACD5-DCFA-4BB8-9CBD-74F36CFC8D7F}
	EndGlobalSection
EndGlobal
