
Microsoft Visual Studio Solution File, Format Version 12.00
# Visual Studio 15
VisualStudioVersion = 15.0.28307.572
MinimumVisualStudioVersion = 10.0.40219.1
Project("{9A19103F-16F7-4668-BE54-9A1E7A4F7556}") = "Simple.Admin.UI", "Simple.Admin.UI\Simple.Admin.UI.csproj", "{6CBA0A65-209E-4BEC-9D2B-6728E7266A58}"
EndProject
Project("{9A19103F-16F7-4668-BE54-9A1E7A4F7556}") = "Simple.Api", "Simple.Api\Simple.Api.csproj", "{71128162-B195-42D5-8D62-18F8BFBDF944}"
EndProject
Project("{9A19103F-16F7-4668-BE54-9A1E7A4F7556}") = "Simple.Web", "Simple.Web\Simple.Web.csproj", "{480F8853-2D83-4B5B-8846-6AE3AED1D034}"
EndProject
Project("{2150E333-8FDC-42A3-9474-1A3956D46DE8}") = "UI", "UI", "{B679F2E9-8416-4843-B67F-501812F303FD}"
EndProject
Project("{2150E333-8FDC-42A3-9474-1A3956D46DE8}") = "Repository", "Repository", "{6BF9B2E9-81F2-4684-B620-2B4185F4068A}"
EndProject
Project("{FAE04EC0-301F-11D3-BF4B-00C04F79EFBC}") = "Simple.Repository", "Simple.Repository\Simple.Repository.csproj", "{1454D844-22FE-44CF-8250-6047321F6A98}"
EndProject
Project("{2150E333-8FDC-42A3-9474-1A3956D46DE8}") = "Entity", "Entity", "{DCA41DF5-8648-4FC1-A3EB-44E3F3A3AC91}"
EndProject
Project("{FAE04EC0-301F-11D3-BF4B-00C04F79EFBC}") = "Simple.Entity", "Simple.Entity\Simple.Entity.csproj", "{BBA56EFA-47CB-4C95-A6F8-BC5CCE1CF850}"
EndProject
Project("{FAE04EC0-301F-11D3-BF4B-00C04F79EFBC}") = "Simple.ExEntity", "Simple.ExEntity\Simple.ExEntity.csproj", "{7CD9159F-F08D-405D-AC7F-6CEDD99682C7}"
EndProject
Project("{2150E333-8FDC-42A3-9474-1A3956D46DE8}") = "Application", "Application", "{4753858A-3903-4F3D-92E3-FD48398ACA6B}"
EndProject
Project("{FAE04EC0-301F-11D3-BF4B-00C04F79EFBC}") = "Simple.Application", "Simple.Application\Simple.Application.csproj", "{77F9BE56-79A9-41A5-9063-7E373655DA2C}"
EndProject
Project("{FAE04EC0-301F-11D3-BF4B-00C04F79EFBC}") = "Simple.IApplication", "Simple.IApplication\Simple.IApplication.csproj", "{437EF6C7-0DD4-43F0-876D-0EA30CC5CD2E}"
EndProject
Project("{FAE04EC0-301F-11D3-BF4B-00C04F79EFBC}") = "Simple.IRepository", "Simple.IRepository\Simple.IRepository.csproj", "{C3D0983F-6000-4B2A-8FFF-3B011CB36044}"
EndProject
Project("{2150E333-8FDC-42A3-9474-1A3956D46DE8}") = "Infrastructure", "Infrastructure", "{AC940292-9790-4EC6-9AAF-0ED9084E97B0}"
EndProject
Project("{FAE04EC0-301F-11D3-BF4B-00C04F79EFBC}") = "Simple.Infrastructure", "Simple.Infrastructure\Simple.Infrastructure.csproj", "{DDE16926-619B-469E-8F7E-8F7C0FAA8E5E}"
EndProject
Global
	GlobalSection(SolutionConfigurationPlatforms) = preSolution
		Debug|Any CPU = Debug|Any CPU
		Release|Any CPU = Release|Any CPU
	EndGlobalSection
	GlobalSection(ProjectConfigurationPlatforms) = postSolution
		{6CBA0A65-209E-4BEC-9D2B-6728E7266A58}.Debug|Any CPU.ActiveCfg = Debug|Any CPU
		{6CBA0A65-209E-4BEC-9D2B-6728E7266A58}.Debug|Any CPU.Build.0 = Debug|Any CPU
		{6CBA0A65-209E-4BEC-9D2B-6728E7266A58}.Release|Any CPU.ActiveCfg = Release|Any CPU
		{6CBA0A65-209E-4BEC-9D2B-6728E7266A58}.Release|Any CPU.Build.0 = Release|Any CPU
		{71128162-B195-42D5-8D62-18F8BFBDF944}.Debug|Any CPU.ActiveCfg = Debug|Any CPU
		{71128162-B195-42D5-8D62-18F8BFBDF944}.Debug|Any CPU.Build.0 = Debug|Any CPU
		{71128162-B195-42D5-8D62-18F8BFBDF944}.Release|Any CPU.ActiveCfg = Release|Any CPU
		{71128162-B195-42D5-8D62-18F8BFBDF944}.Release|Any CPU.Build.0 = Release|Any CPU
		{480F8853-2D83-4B5B-8846-6AE3AED1D034}.Debug|Any CPU.ActiveCfg = Debug|Any CPU
		{480F8853-2D83-4B5B-8846-6AE3AED1D034}.Debug|Any CPU.Build.0 = Debug|Any CPU
		{480F8853-2D83-4B5B-8846-6AE3AED1D034}.Release|Any CPU.ActiveCfg = Release|Any CPU
		{480F8853-2D83-4B5B-8846-6AE3AED1D034}.Release|Any CPU.Build.0 = Release|Any CPU
		{1454D844-22FE-44CF-8250-6047321F6A98}.Debug|Any CPU.ActiveCfg = Debug|Any CPU
		{1454D844-22FE-44CF-8250-6047321F6A98}.Debug|Any CPU.Build.0 = Debug|Any CPU
		{1454D844-22FE-44CF-8250-6047321F6A98}.Release|Any CPU.ActiveCfg = Release|Any CPU
		{1454D844-22FE-44CF-8250-6047321F6A98}.Release|Any CPU.Build.0 = Release|Any CPU
		{BBA56EFA-47CB-4C95-A6F8-BC5CCE1CF850}.Debug|Any CPU.ActiveCfg = Debug|Any CPU
		{BBA56EFA-47CB-4C95-A6F8-BC5CCE1CF850}.Debug|Any CPU.Build.0 = Debug|Any CPU
		{BBA56EFA-47CB-4C95-A6F8-BC5CCE1CF850}.Release|Any CPU.ActiveCfg = Release|Any CPU
		{BBA56EFA-47CB-4C95-A6F8-BC5CCE1CF850}.Release|Any CPU.Build.0 = Release|Any CPU
		{7CD9159F-F08D-405D-AC7F-6CEDD99682C7}.Debug|Any CPU.ActiveCfg = Debug|Any CPU
		{7CD9159F-F08D-405D-AC7F-6CEDD99682C7}.Debug|Any CPU.Build.0 = Debug|Any CPU
		{7CD9159F-F08D-405D-AC7F-6CEDD99682C7}.Release|Any CPU.ActiveCfg = Release|Any CPU
		{7CD9159F-F08D-405D-AC7F-6CEDD99682C7}.Release|Any CPU.Build.0 = Release|Any CPU
		{77F9BE56-79A9-41A5-9063-7E373655DA2C}.Debug|Any CPU.ActiveCfg = Debug|Any CPU
		{77F9BE56-79A9-41A5-9063-7E373655DA2C}.Debug|Any CPU.Build.0 = Debug|Any CPU
		{77F9BE56-79A9-41A5-9063-7E373655DA2C}.Release|Any CPU.ActiveCfg = Release|Any CPU
		{77F9BE56-79A9-41A5-9063-7E373655DA2C}.Release|Any CPU.Build.0 = Release|Any CPU
		{437EF6C7-0DD4-43F0-876D-0EA30CC5CD2E}.Debug|Any CPU.ActiveCfg = Debug|Any CPU
		{437EF6C7-0DD4-43F0-876D-0EA30CC5CD2E}.Debug|Any CPU.Build.0 = Debug|Any CPU
		{437EF6C7-0DD4-43F0-876D-0EA30CC5CD2E}.Release|Any CPU.ActiveCfg = Release|Any CPU
		{437EF6C7-0DD4-43F0-876D-0EA30CC5CD2E}.Release|Any CPU.Build.0 = Release|Any CPU
		{C3D0983F-6000-4B2A-8FFF-3B011CB36044}.Debug|Any CPU.ActiveCfg = Debug|Any CPU
		{C3D0983F-6000-4B2A-8FFF-3B011CB36044}.Debug|Any CPU.Build.0 = Debug|Any CPU
		{C3D0983F-6000-4B2A-8FFF-3B011CB36044}.Release|Any CPU.ActiveCfg = Release|Any CPU
		{C3D0983F-6000-4B2A-8FFF-3B011CB36044}.Release|Any CPU.Build.0 = Release|Any CPU
		{DDE16926-619B-469E-8F7E-8F7C0FAA8E5E}.Debug|Any CPU.ActiveCfg = Debug|Any CPU
		{DDE16926-619B-469E-8F7E-8F7C0FAA8E5E}.Debug|Any CPU.Build.0 = Debug|Any CPU
		{DDE16926-619B-469E-8F7E-8F7C0FAA8E5E}.Release|Any CPU.ActiveCfg = Release|Any CPU
		{DDE16926-619B-469E-8F7E-8F7C0FAA8E5E}.Release|Any CPU.Build.0 = Release|Any CPU
	EndGlobalSection
	GlobalSection(SolutionProperties) = preSolution
		HideSolutionNode = FALSE
	EndGlobalSection
	GlobalSection(NestedProjects) = preSolution
		{6CBA0A65-209E-4BEC-9D2B-6728E7266A58} = {B679F2E9-8416-4843-B67F-501812F303FD}
		{71128162-B195-42D5-8D62-18F8BFBDF944} = {B679F2E9-8416-4843-B67F-501812F303FD}
		{480F8853-2D83-4B5B-8846-6AE3AED1D034} = {B679F2E9-8416-4843-B67F-501812F303FD}
		{1454D844-22FE-44CF-8250-6047321F6A98} = {6BF9B2E9-81F2-4684-B620-2B4185F4068A}
		{BBA56EFA-47CB-4C95-A6F8-BC5CCE1CF850} = {DCA41DF5-8648-4FC1-A3EB-44E3F3A3AC91}
		{7CD9159F-F08D-405D-AC7F-6CEDD99682C7} = {DCA41DF5-8648-4FC1-A3EB-44E3F3A3AC91}
		{77F9BE56-79A9-41A5-9063-7E373655DA2C} = {4753858A-3903-4F3D-92E3-FD48398ACA6B}
		{437EF6C7-0DD4-43F0-876D-0EA30CC5CD2E} = {4753858A-3903-4F3D-92E3-FD48398ACA6B}
		{C3D0983F-6000-4B2A-8FFF-3B011CB36044} = {6BF9B2E9-81F2-4684-B620-2B4185F4068A}
		{DDE16926-619B-469E-8F7E-8F7C0FAA8E5E} = {AC940292-9790-4EC6-9AAF-0ED9084E97B0}
	EndGlobalSection
	GlobalSection(ExtensibilityGlobals) = postSolution
		SolutionGuid = {CC7AACD5-DCFA-4BB8-9CBD-74F36CFC8D7F}
	EndGlobalSection
EndGlobal
