
Microsoft Visual Studio Solution File, Format Version 12.00
# Visual Studio 15
VisualStudioVersion = 15.0.28307.779
MinimumVisualStudioVersion = 10.0.40219.1
Project("{9A19103F-16F7-4668-BE54-9A1E7A4F7556}") = "Common", "Common.csproj", "{B1625F7D-DA10-4312-9F94-9D8D2B7DA46F}"
EndProject
Global
	GlobalSection(SolutionConfigurationPlatforms) = preSolution
		Debug|Any CPU = Debug|Any CPU
		Release|Any CPU = Release|Any CPU
	EndGlobalSection
	GlobalSection(ProjectConfigurationPlatforms) = postSolution
		{B1625F7D-DA10-4312-9F94-9D8D2B7DA46F}.Debug|Any CPU.ActiveCfg = Debug|Any CPU
		{B1625F7D-DA10-4312-9F94-9D8D2B7DA46F}.Debug|Any CPU.Build.0 = Debug|Any CPU
		{B1625F7D-DA10-4312-9F94-9D8D2B7DA46F}.Release|Any CPU.ActiveCfg = Release|Any CPU
		{B1625F7D-DA10-4312-9F94-9D8D2B7DA46F}.Release|Any CPU.Build.0 = Release|Any CPU
	EndGlobalSection
	GlobalSection(SolutionProperties) = preSolution
		HideSolutionNode = FALSE
	EndGlobalSection
	GlobalSection(ExtensibilityGlobals) = postSolution
		SolutionGuid = {6D30E22F-9F05-4560-A8FA-258C684B3208}
	EndGlobalSection
EndGlobal
